{
  "name": "discorddraw",
  "version": "1.0.0",
  "lockfileVersion": 3,
  "requires": true,
  "packages": {
    "": {
      "name": "discorddraw",
      "version": "1.0.0",
      "dependencies": {
        "powercord": "^1.0.0"
      }
    },
    "node_modules/powercord": {
      "version": "1.0.0",
      "resolved": "https://registry.npmjs.org/powercord/-/powercord-1.0.0.tgz",
      "integrity": "sha512-22Sy5LvRzkR1Gb7RyDgWIZD30QD//W77Tx4LErigzPGannZezP9rb9SWbcfDzbkFmwoZ7Cz7tQ/rvm1mDJpzRQ=="
    }
  }
}
